
Microsoft Visual Studio Solution File, Format Version 12.00
# Visual Studio Version 17
VisualStudioVersion = 17.9.34607.119
MinimumVisualStudioVersion = 10.0.40219.1
Project("{FAE04EC0-301F-11D3-BF4B-00C04F79EFBC}") = "Лаб_ИМ8.2", "Лаб_ИМ8.2\Лаб_ИМ8.2.csproj", "{F94ECE72-91C3-4E79-80F6-F325427BE957}"
EndProject
Global
	GlobalSection(SolutionConfigurationPlatforms) = preSolution
		Debug|Any CPU = Debug|Any CPU
		Release|Any CPU = Release|Any CPU
	EndGlobalSection
	GlobalSection(ProjectConfigurationPlatforms) = postSolution
		{F94ECE72-91C3-4E79-80F6-F325427BE957}.Debug|Any CPU.ActiveCfg = Debug|Any CPU
		{F94ECE72-91C3-4E79-80F6-F325427BE957}.Debug|Any CPU.Build.0 = Debug|Any CPU
		{F94ECE72-91C3-4E79-80F6-F325427BE957}.Release|Any CPU.ActiveCfg = Release|Any CPU
		{F94ECE72-91C3-4E79-80F6-F325427BE957}.Release|Any CPU.Build.0 = Release|Any CPU
	EndGlobalSection
	GlobalSection(SolutionProperties) = preSolution
		HideSolutionNode = FALSE
	EndGlobalSection
	GlobalSection(ExtensibilityGlobals) = postSolution
		SolutionGuid = {B3B29AA7-414A-43DA-B275-80253155D9D4}
	EndGlobalSection
EndGlobal
